
Microsoft Visual Studio Solution File, Format Version 12.00
# Visual Studio Version 16
VisualStudioVersion = 16.0.30804.86
MinimumVisualStudioVersion = 10.0.40219.1
Project("{FAE04EC0-301F-11D3-BF4B-00C04F79EFBC}") = "EchoBotDBbookingstatus", "EchoBotDBbookingstatus\EchoBotDBbookingstatus.csproj", "{46408162-A5C7-4FA2-9604-93BB7BB430B5}"
EndProject
Global
	GlobalSection(SolutionConfigurationPlatforms) = preSolution
		Debug|Any CPU = Debug|Any CPU
		Release|Any CPU = Release|Any CPU
	EndGlobalSection
	GlobalSection(ProjectConfigurationPlatforms) = postSolution
		{46408162-A5C7-4FA2-9604-93BB7BB430B5}.Debug|Any CPU.ActiveCfg = Debug|Any CPU
		{46408162-A5C7-4FA2-9604-93BB7BB430B5}.Debug|Any CPU.Build.0 = Debug|Any CPU
		{46408162-A5C7-4FA2-9604-93BB7BB430B5}.Release|Any CPU.ActiveCfg = Release|Any CPU
		{46408162-A5C7-4FA2-9604-93BB7BB430B5}.Release|Any CPU.Build.0 = Release|Any CPU
	EndGlobalSection
	GlobalSection(SolutionProperties) = preSolution
		HideSolutionNode = FALSE
	EndGlobalSection
	GlobalSection(ExtensibilityGlobals) = postSolution
		SolutionGuid = {EEA88113-3018-484F-9508-9B74416D6806}
	EndGlobalSection
EndGlobal
